
Microsoft Visual Studio Solution File, Format Version 12.00
# Visual Studio Version 16
VisualStudioVersion = 16.0.30413.136
MinimumVisualStudioVersion = 10.0.40219.1
Project("{FAE04EC0-301F-11D3-BF4B-00C04F79EFBC}") = "IDEProject", "IDEProject.csproj", "{18F86B5F-6315-4EE8-8F1F-3E4CB4E73931}"
EndProject
Global
	GlobalSection(SolutionConfigurationPlatforms) = preSolution
		Debug|Any CPU = Debug|Any CPU
		Release|Any CPU = Release|Any CPU
	EndGlobalSection
	GlobalSection(ProjectConfigurationPlatforms) = postSolution
		{18F86B5F-6315-4EE8-8F1F-3E4CB4E73931}.Debug|Any CPU.ActiveCfg = Debug|Any CPU
		{18F86B5F-6315-4EE8-8F1F-3E4CB4E73931}.Debug|Any CPU.Build.0 = Debug|Any CPU
		{18F86B5F-6315-4EE8-8F1F-3E4CB4E73931}.Release|Any CPU.ActiveCfg = Release|Any CPU
		{18F86B5F-6315-4EE8-8F1F-3E4CB4E73931}.Release|Any CPU.Build.0 = Release|Any CPU
	EndGlobalSection
	GlobalSection(SolutionProperties) = preSolution
		HideSolutionNode = FALSE
	EndGlobalSection
	GlobalSection(ExtensibilityGlobals) = postSolution
		SolutionGuid = {92547B38-8193-432F-A584-9350DAF936B9}
	EndGlobalSection
EndGlobal
